// !$*UTF8*$!
{
	archiveVersion = 1;
	classes = {
	};
	objectVersion = 77;
	objects = {

/* Begin PBXBuildFile section */
		01600A5A1AE04FEEADCBD01C /* AppDelegate.swift in Sources */ = {isa = PBXBuildFile; fileRef = 35DE5A5FDE9B5749BAE51750 /* AppDelegate.swift */; };
		016559535A3E4F36A9490EAA /* SharedRecipeDetailView.swift in Sources */ = {isa = PBXBuildFile; fileRef = 356CE035A2F5D33FB8375930 /* SharedRecipeDetailView.swift */; };
		065C4321EC6217B66A9BB187 /* ImportViewModel.swift in Sources */ = {isa = PBXBuildFile; fileRef = 43F5529CD66E002D66C50F9A /* ImportViewModel.swift */; };
		11A048E4B3D6B9039E4442FA /* RecipeDetailView.swift in Sources */ = {isa = PBXBuildFile; fileRef = 962CD3D6DE0869F0A0D7FFAC /* RecipeDetailView.swift */; };
		18B38C91E9CC4AD0E9103E32 /* RecipeChange.swift in Sources */ = {isa = PBXBuildFile; fileRef = C7F54F67E015BFF120C5D8B0 /* RecipeChange.swift */; };
		1D3623A0B2BE0F42A225AD7C /* YourRecipesViewModel.swift in Sources */ = {isa = PBXBuildFile; fileRef = 224692654A7AFE7D9F606882 /* YourRecipesViewModel.swift */; };
		1D94B52DB772773020323A03 /* ImportView.swift in Sources */ = {isa = PBXBuildFile; fileRef = 1CAB3448ED1B556557B17339 /* ImportView.swift */; };
		1DEAA5F8D72D765084BFBFD8 /* ContentView.swift in Sources */ = {isa = PBXBuildFile; fileRef = 2A3703A2D1269D448C9F7CBD /* ContentView.swift */; };
		203B6DB8B1FB6AB07726E785 /* RecipeEditorViewModel.swift in Sources */ = {isa = PBXBuildFile; fileRef = 0715A4B505DA1D34FAB1DA8B /* RecipeEditorViewModel.swift */; };
		227EBD982781750E6547E236 /* ParsedRecipeData.swift in Sources */ = {isa = PBXBuildFile; fileRef = E1D0A43A0E635E3E571DBBF5 /* ParsedRecipeData.swift */; };
		26B5255FFB303961DF6767D7 /* SocialModels.swift in Sources */ = {isa = PBXBuildFile; fileRef = 2B9563ED088CACA5E660CA22 /* SocialModels.swift */; };
		2902C998D422D0AE20E6AF49 /* SharedInboxView.swift in Sources */ = {isa = PBXBuildFile; fileRef = AB12C08B2C652CAB35BC7DCF /* SharedInboxView.swift */; };
		296ED7C5CBC2A6C2DCCF0D65 /* AllRecipesView.swift in Sources */ = {isa = PBXBuildFile; fileRef = 3B8FC9CAC1EE41E1C53784B1 /* AllRecipesView.swift */; };
		30954FD37384DF1E56269195 /* CookingModeView.swift in Sources */ = {isa = PBXBuildFile; fileRef = B46BF688B28270B48045818A /* CookingModeView.swift */; };
		316D86CEEB80CE03F7EB877C /* ReceivedRecipeView.swift in Sources */ = {isa = PBXBuildFile; fileRef = E30129D1C7369FBE2238CCDF /* ReceivedRecipeView.swift */; };
		36B5D19C418119BBE0507C21 /* RecipeDetailViewModel.swift in Sources */ = {isa = PBXBuildFile; fileRef = 60494666244275FAD1EDFD14 /* RecipeDetailViewModel.swift */; };
		47372214248102AB1A9FF176 /* StepModel.swift in Sources */ = {isa = PBXBuildFile; fileRef = F8EA712966F37787B422B017 /* StepModel.swift */; };
		4D255AE3ABD954B00FABD663 /* GoogleSignIn in Frameworks */ = {isa = PBXBuildFile; productRef = 702396BB1261F9EC052A6931 /* GoogleSignIn */; };
		5B856AF237F4DE0D0C56FF6E /* AuthView.swift in Sources */ = {isa = PBXBuildFile; fileRef = B5BAB215538DE97F5F21243F /* AuthView.swift */; };
		5C263C8A4307A5EAF24A2A5B /* RecipeNoteModel.swift in Sources */ = {isa = PBXBuildFile; fileRef = 41C71065B68DE958DC65F19C /* RecipeNoteModel.swift */; };
		6A11C7786709EFA3FC7D8232 /* AccountViewModel.swift in Sources */ = {isa = PBXBuildFile; fileRef = 94D4377EB49AA9DBC9BA5605 /* AccountViewModel.swift */; };
		6A609AAD4FC10D1CD6BEFF28 /* Extensions.swift in Sources */ = {isa = PBXBuildFile; fileRef = 696E6D4A5155305802A53ADD /* Extensions.swift */; };
		6BBF96E171D78DEBC663E38C /* StepIngredientRefModel.swift in Sources */ = {isa = PBXBuildFile; fileRef = A4C371D703F994341BEC6409 /* StepIngredientRefModel.swift */; };
		737674563A17DA09D1DA78C7 /* SharedRecipeService.swift in Sources */ = {isa = PBXBuildFile; fileRef = 0B9B4FFFD105CA55172BCC0F /* SharedRecipeService.swift */; };
		7C6799FA0D19DED79E8D4765 /* FreeformEntryView.swift in Sources */ = {isa = PBXBuildFile; fileRef = 7F44E83F6177880E4F56D7A0 /* FreeformEntryView.swift */; };
		811F59B3E018C65FC861E0CF /* RecipeModel.swift in Sources */ = {isa = PBXBuildFile; fileRef = DF35E34E80B3152AF1EC5E6E /* RecipeModel.swift */; };
		8652421F2415B48CED4E1F60 /* FirebaseAuth in Frameworks */ = {isa = PBXBuildFile; productRef = 1C511A5F00B87ED0D64505D7 /* FirebaseAuth */; };
		9317DC98021C7AD57C1074A3 /* CloudFunctionsService.swift in Sources */ = {isa = PBXBuildFile; fileRef = 87703D7DD6E67B8342B1FA07 /* CloudFunctionsService.swift */; };
		950611A76B8B0C61464BA379 /* SocialRepository.swift in Sources */ = {isa = PBXBuildFile; fileRef = AD19DBAD0CBC3DDC2AF3C162 /* SocialRepository.swift */; };
		9EC63FAD7433D251458223A5 /* FirebaseFunctions in Frameworks */ = {isa = PBXBuildFile; productRef = A747C24F1F3162E54866546F /* FirebaseFunctions */; };
		A2BE751B0182558631E43075 /* AllRecipesViewModel.swift in Sources */ = {isa = PBXBuildFile; fileRef = 512E3E1ED5CCCCAB71F2A11B /* AllRecipesViewModel.swift */; };
		A5EF6F07C71A271BCFB76E68 /* RecipeSyncService.swift in Sources */ = {isa = PBXBuildFile; fileRef = 425D6FD17661A16A164C124A /* RecipeSyncService.swift */; };
		AC8F47D3F820BC3856D517BD /* SharedRecipe.swift in Sources */ = {isa = PBXBuildFile; fileRef = 4991CFFBC669934F146FAA57 /* SharedRecipe.swift */; };
		AC9B15EAADE97F45EBA2FCDB /* QuantityScaler.swift in Sources */ = {isa = PBXBuildFile; fileRef = 033EF197C5FCC3D4D1D48CA9 /* QuantityScaler.swift */; };
		ACA85688B506B5D861013E75 /* AuthRepository.swift in Sources */ = {isa = PBXBuildFile; fileRef = AAEEF22186B9025031A91803 /* AuthRepository.swift */; };
		B08AE073D7E844776F69D50F /* UserSearchView.swift in Sources */ = {isa = PBXBuildFile; fileRef = 890EB3690AA95791DCE9A037 /* UserSearchView.swift */; };
		B82558169651C9FF5F990214 /* Assets.xcassets in Resources */ = {isa = PBXBuildFile; fileRef = 17C0BB8E75558D8FCBF02229 /* Assets.xcassets */; };
		C3C4AF15C77E10335345EC80 /* RecipeEditorView.swift in Sources */ = {isa = PBXBuildFile; fileRef = A21A77D78332C1A496B84F09 /* RecipeEditorView.swift */; };
		C56CA3F9C89E83A918893CA7 /* AuthViewModel.swift in Sources */ = {isa = PBXBuildFile; fileRef = C319FBDA5A288948F0B2F025 /* AuthViewModel.swift */; };
		C93F4F245E10E7608EAF8618 /* DiscoverView.swift in Sources */ = {isa = PBXBuildFile; fileRef = F4F012BEA73ABE25D6EF5DF1 /* DiscoverView.swift */; };
		D1C1979BAFAC649332E27EBD /* AppContainer.swift in Sources */ = {isa = PBXBuildFile; fileRef = 2A62C74A95949EA2C4D6096F /* AppContainer.swift */; };
		D58A49D66B27854CE0A850AC /* RecipeReviewSheet.swift in Sources */ = {isa = PBXBuildFile; fileRef = 13DBB3085AD0A466A41D2F8A /* RecipeReviewSheet.swift */; };
		D8E970665C7F1B51A43E88E8 /* FirebaseMessaging in Frameworks */ = {isa = PBXBuildFile; productRef = 7DC716E25C15739F74B7686E /* FirebaseMessaging */; };
		DB81577245389BE685EAC0D5 /* FirebaseFirestore in Frameworks */ = {isa = PBXBuildFile; productRef = C97CA4955DBC0B3EC6E80FCA /* FirebaseFirestore */; };
		DBA887E690B2F0DB33C5619C /* RecipeCard.swift in Sources */ = {isa = PBXBuildFile; fileRef = D4E7BDFCD472813185D69085 /* RecipeCard.swift */; };
		DE2A32F8152AED40A322ACC1 /* AmrosaTests.swift in Sources */ = {isa = PBXBuildFile; fileRef = B651CAEFC9F7CC85EDD13FAE /* AmrosaTests.swift */; };
		E17B4D5CB6AE25D0BD57CC44 /* IngredientModel.swift in Sources */ = {isa = PBXBuildFile; fileRef = 72B871401338956467B2069D /* IngredientModel.swift */; };
		E3C48CA15A6025D69F83F232 /* YourRecipesView.swift in Sources */ = {isa = PBXBuildFile; fileRef = F610DCBD0BFE5231A23E1FED /* YourRecipesView.swift */; };
		E7352C774EA41B121EAA8E27 /* RecipeSectionModel.swift in Sources */ = {isa = PBXBuildFile; fileRef = 925B8424F95DC3A52E367D19 /* RecipeSectionModel.swift */; };
		EA7596B98CCEF914466D9624 /* GoogleService-Info.plist in Resources */ = {isa = PBXBuildFile; fileRef = D476FEE4AC19949B7C2E8FE9 /* GoogleService-Info.plist */; };
		ED56FD21FD70096D0806486F /* FriendsView.swift in Sources */ = {isa = PBXBuildFile; fileRef = 61277F8178D8EB174359B78F /* FriendsView.swift */; };
		F0F990AD1889DC7D5EF96D51 /* AccountView.swift in Sources */ = {isa = PBXBuildFile; fileRef = DC008B63EDFD1FBB48E0B460 /* AccountView.swift */; };
		F28E0694C8AEF94BD881DF88 /* FirebaseStorage in Frameworks */ = {isa = PBXBuildFile; productRef = 364BEAE6150BC1A8F375CCA6 /* FirebaseStorage */; };
		F5558310876B1AF34DF7F181 /* ReceivedRecipeSummary.swift in Sources */ = {isa = PBXBuildFile; fileRef = 2B9F58D556EDEC241EC090D1 /* ReceivedRecipeSummary.swift */; };
		F9D4B4726A1F03A861D60ADF /* AmrosaApp.swift in Sources */ = {isa = PBXBuildFile; fileRef = 2B8469CC13DE9050F4218D4A /* AmrosaApp.swift */; };
		FABA2A34B91BAFDD29796593 /* Kingfisher in Frameworks */ = {isa = PBXBuildFile; productRef = 0346C6000134951409CD8279 /* Kingfisher */; };
		FEEBC3E509170CC31C591C58 /* RecipeRepository.swift in Sources */ = {isa = PBXBuildFile; fileRef = 9B78CFA17DD71B75C3BF7A2A /* RecipeRepository.swift */; };
/* End PBXBuildFile section */

/* Begin PBXContainerItemProxy section */
		91E41A208E2DB47386636B9B /* PBXContainerItemProxy */ = {
			isa = PBXContainerItemProxy;
			containerPortal = 0F1EB114AF78D477EEF7CA19 /* Project object */;
			proxyType = 1;
			remoteGlobalIDString = 155FCBFD017E9043F34ACC28;
			remoteInfo = Amrosa;
		};
/* End PBXContainerItemProxy section */

/* Begin PBXFileReference section */
		033EF197C5FCC3D4D1D48CA9 /* QuantityScaler.swift */ = {isa = PBXFileReference; lastKnownFileType = sourcecode.swift; path = QuantityScaler.swift; sourceTree = "<group>"; };
		0715A4B505DA1D34FAB1DA8B /* RecipeEditorViewModel.swift */ = {isa = PBXFileReference; lastKnownFileType = sourcecode.swift; path = RecipeEditorViewModel.swift; sourceTree = "<group>"; };
		0B9B4FFFD105CA55172BCC0F /* SharedRecipeService.swift */ = {isa = PBXFileReference; lastKnownFileType = sourcecode.swift; path = SharedRecipeService.swift; sourceTree = "<group>"; };
		13DBB3085AD0A466A41D2F8A /* RecipeReviewSheet.swift */ = {isa = PBXFileReference; lastKnownFileType = sourcecode.swift; path = RecipeReviewSheet.swift; sourceTree = "<group>"; };
		17C0BB8E75558D8FCBF02229 /* Assets.xcassets */ = {isa = PBXFileReference; lastKnownFileType = folder.assetcatalog; path = Assets.xcassets; sourceTree = "<group>"; };
		1CAB3448ED1B556557B17339 /* ImportView.swift */ = {isa = PBXFileReference; lastKnownFileType = sourcecode.swift; path = ImportView.swift; sourceTree = "<group>"; };
		224692654A7AFE7D9F606882 /* YourRecipesViewModel.swift */ = {isa = PBXFileReference; lastKnownFileType = sourcecode.swift; path = YourRecipesViewModel.swift; sourceTree = "<group>"; };
		2A3703A2D1269D448C9F7CBD /* ContentView.swift */ = {isa = PBXFileReference; lastKnownFileType = sourcecode.swift; path = ContentView.swift; sourceTree = "<group>"; };
		2A62C74A95949EA2C4D6096F /* AppContainer.swift */ = {isa = PBXFileReference; lastKnownFileType = sourcecode.swift; path = AppContainer.swift; sourceTree = "<group>"; };
		2B8469CC13DE9050F4218D4A /* AmrosaApp.swift */ = {isa = PBXFileReference; lastKnownFileType = sourcecode.swift; path = AmrosaApp.swift; sourceTree = "<group>"; };
		2B9563ED088CACA5E660CA22 /* SocialModels.swift */ = {isa = PBXFileReference; lastKnownFileType = sourcecode.swift; path = SocialModels.swift; sourceTree = "<group>"; };
		2B9F58D556EDEC241EC090D1 /* ReceivedRecipeSummary.swift */ = {isa = PBXFileReference; lastKnownFileType = sourcecode.swift; path = ReceivedRecipeSummary.swift; sourceTree = "<group>"; };
		2CC76E521A7C1E67DB54C861 /* Amrosa.app */ = {isa = PBXFileReference; includeInIndex = 0; lastKnownFileType = wrapper.application; path = Amrosa.app; sourceTree = BUILT_PRODUCTS_DIR; };
		356CE035A2F5D33FB8375930 /* SharedRecipeDetailView.swift */ = {isa = PBXFileReference; lastKnownFileType = sourcecode.swift; path = SharedRecipeDetailView.swift; sourceTree = "<group>"; };
		35DE5A5FDE9B5749BAE51750 /* AppDelegate.swift */ = {isa = PBXFileReference; lastKnownFileType = sourcecode.swift; path = AppDelegate.swift; sourceTree = "<group>"; };
		3B8FC9CAC1EE41E1C53784B1 /* AllRecipesView.swift */ = {isa = PBXFileReference; lastKnownFileType = sourcecode.swift; path = AllRecipesView.swift; sourceTree = "<group>"; };
		41C71065B68DE958DC65F19C /* RecipeNoteModel.swift */ = {isa = PBXFileReference; lastKnownFileType = sourcecode.swift; path = RecipeNoteModel.swift; sourceTree = "<group>"; };
		425D6FD17661A16A164C124A /* RecipeSyncService.swift */ = {isa = PBXFileReference; lastKnownFileType = sourcecode.swift; path = RecipeSyncService.swift; sourceTree = "<group>"; };
		43F5529CD66E002D66C50F9A /* ImportViewModel.swift */ = {isa = PBXFileReference; lastKnownFileType = sourcecode.swift; path = ImportViewModel.swift; sourceTree = "<group>"; };
		4991CFFBC669934F146FAA57 /* SharedRecipe.swift */ = {isa = PBXFileReference; lastKnownFileType = sourcecode.swift; path = SharedRecipe.swift; sourceTree = "<group>"; };
		512E3E1ED5CCCCAB71F2A11B /* AllRecipesViewModel.swift */ = {isa = PBXFileReference; lastKnownFileType = sourcecode.swift; path = AllRecipesViewModel.swift; sourceTree = "<group>"; };
		60494666244275FAD1EDFD14 /* RecipeDetailViewModel.swift */ = {isa = PBXFileReference; lastKnownFileType = sourcecode.swift; path = RecipeDetailViewModel.swift; sourceTree = "<group>"; };
		61277F8178D8EB174359B78F /* FriendsView.swift */ = {isa = PBXFileReference; lastKnownFileType = sourcecode.swift; path = FriendsView.swift; sourceTree = "<group>"; };
		696E6D4A5155305802A53ADD /* Extensions.swift */ = {isa = PBXFileReference; lastKnownFileType = sourcecode.swift; path = Extensions.swift; sourceTree = "<group>"; };
		72B871401338956467B2069D /* IngredientModel.swift */ = {isa = PBXFileReference; lastKnownFileType = sourcecode.swift; path = IngredientModel.swift; sourceTree = "<group>"; };
		7F44E83F6177880E4F56D7A0 /* FreeformEntryView.swift */ = {isa = PBXFileReference; lastKnownFileType = sourcecode.swift; path = FreeformEntryView.swift; sourceTree = "<group>"; };
		87703D7DD6E67B8342B1FA07 /* CloudFunctionsService.swift */ = {isa = PBXFileReference; lastKnownFileType = sourcecode.swift; path = CloudFunctionsService.swift; sourceTree = "<group>"; };
		890EB3690AA95791DCE9A037 /* UserSearchView.swift */ = {isa = PBXFileReference; lastKnownFileType = sourcecode.swift; path = UserSearchView.swift; sourceTree = "<group>"; };
		8DAFCFC124ADAD46C9273847 /* Info.plist */ = {isa = PBXFileReference; lastKnownFileType = text.plist; path = Info.plist; sourceTree = "<group>"; };
		925B8424F95DC3A52E367D19 /* RecipeSectionModel.swift */ = {isa = PBXFileReference; lastKnownFileType = sourcecode.swift; path = RecipeSectionModel.swift; sourceTree = "<group>"; };
		94D4377EB49AA9DBC9BA5605 /* AccountViewModel.swift */ = {isa = PBXFileReference; lastKnownFileType = sourcecode.swift; path = AccountViewModel.swift; sourceTree = "<group>"; };
		962CD3D6DE0869F0A0D7FFAC /* RecipeDetailView.swift */ = {isa = PBXFileReference; lastKnownFileType = sourcecode.swift; path = RecipeDetailView.swift; sourceTree = "<group>"; };
		9B78CFA17DD71B75C3BF7A2A /* RecipeRepository.swift */ = {isa = PBXFileReference; lastKnownFileType = sourcecode.swift; path = RecipeRepository.swift; sourceTree = "<group>"; };
		A21A77D78332C1A496B84F09 /* RecipeEditorView.swift */ = {isa = PBXFileReference; lastKnownFileType = sourcecode.swift; path = RecipeEditorView.swift; sourceTree = "<group>"; };
		A4C371D703F994341BEC6409 /* StepIngredientRefModel.swift */ = {isa = PBXFileReference; lastKnownFileType = sourcecode.swift; path = StepIngredientRefModel.swift; sourceTree = "<group>"; };
		AAEEF22186B9025031A91803 /* AuthRepository.swift */ = {isa = PBXFileReference; lastKnownFileType = sourcecode.swift; path = AuthRepository.swift; sourceTree = "<group>"; };
		AB12C08B2C652CAB35BC7DCF /* SharedInboxView.swift */ = {isa = PBXFileReference; lastKnownFileType = sourcecode.swift; path = SharedInboxView.swift; sourceTree = "<group>"; };
		AD19DBAD0CBC3DDC2AF3C162 /* SocialRepository.swift */ = {isa = PBXFileReference; lastKnownFileType = sourcecode.swift; path = SocialRepository.swift; sourceTree = "<group>"; };
		B46BF688B28270B48045818A /* CookingModeView.swift */ = {isa = PBXFileReference; lastKnownFileType = sourcecode.swift; path = CookingModeView.swift; sourceTree = "<group>"; };
		B5BAB215538DE97F5F21243F /* AuthView.swift */ = {isa = PBXFileReference; lastKnownFileType = sourcecode.swift; path = AuthView.swift; sourceTree = "<group>"; };
		B651CAEFC9F7CC85EDD13FAE /* AmrosaTests.swift */ = {isa = PBXFileReference; lastKnownFileType = sourcecode.swift; path = AmrosaTests.swift; sourceTree = "<group>"; };
		C319FBDA5A288948F0B2F025 /* AuthViewModel.swift */ = {isa = PBXFileReference; lastKnownFileType = sourcecode.swift; path = AuthViewModel.swift; sourceTree = "<group>"; };
		C7F2CB710EC32C4153E1EF1E /* AmrosaTests.xctest */ = {isa = PBXFileReference; includeInIndex = 0; lastKnownFileType = wrapper.cfbundle; path = AmrosaTests.xctest; sourceTree = BUILT_PRODUCTS_DIR; };
		C7F54F67E015BFF120C5D8B0 /* RecipeChange.swift */ = {isa = PBXFileReference; lastKnownFileType = sourcecode.swift; path = RecipeChange.swift; sourceTree = "<group>"; };
		D476FEE4AC19949B7C2E8FE9 /* GoogleService-Info.plist */ = {isa = PBXFileReference; lastKnownFileType = text.plist; path = "GoogleService-Info.plist"; sourceTree = "<group>"; };
		D4E7BDFCD472813185D69085 /* RecipeCard.swift */ = {isa = PBXFileReference; lastKnownFileType = sourcecode.swift; path = RecipeCard.swift; sourceTree = "<group>"; };
		DC008B63EDFD1FBB48E0B460 /* AccountView.swift */ = {isa = PBXFileReference; lastKnownFileType = sourcecode.swift; path = AccountView.swift; sourceTree = "<group>"; };
		DF35E34E80B3152AF1EC5E6E /* RecipeModel.swift */ = {isa = PBXFileReference; lastKnownFileType = sourcecode.swift; path = RecipeModel.swift; sourceTree = "<group>"; };
		E1D0A43A0E635E3E571DBBF5 /* ParsedRecipeData.swift */ = {isa = PBXFileReference; lastKnownFileType = sourcecode.swift; path = ParsedRecipeData.swift; sourceTree = "<group>"; };
		E30129D1C7369FBE2238CCDF /* ReceivedRecipeView.swift */ = {isa = PBXFileReference; lastKnownFileType = sourcecode.swift; path = ReceivedRecipeView.swift; sourceTree = "<group>"; };
		F4F012BEA73ABE25D6EF5DF1 /* DiscoverView.swift */ = {isa = PBXFileReference; lastKnownFileType = sourcecode.swift; path = DiscoverView.swift; sourceTree = "<group>"; };
		F610DCBD0BFE5231A23E1FED /* YourRecipesView.swift */ = {isa = PBXFileReference; lastKnownFileType = sourcecode.swift; path = YourRecipesView.swift; sourceTree = "<group>"; };
		F8EA712966F37787B422B017 /* StepModel.swift */ = {isa = PBXFileReference; lastKnownFileType = sourcecode.swift; path = StepModel.swift; sourceTree = "<group>"; };
		FA87FC2144D8965BFD8C9A17 /* Amrosa.entitlements */ = {isa = PBXFileReference; lastKnownFileType = text.plist.entitlements; path = Amrosa.entitlements; sourceTree = "<group>"; };
/* End PBXFileReference section */

/* Begin PBXFrameworksBuildPhase section */
		11F186A39A9DFE4F26F4C026 /* Frameworks */ = {
			isa = PBXFrameworksBuildPhase;
			buildActionMask = 2147483647;
			files = (
				8652421F2415B48CED4E1F60 /* FirebaseAuth in Frameworks */,
				DB81577245389BE685EAC0D5 /* FirebaseFirestore in Frameworks */,
				F28E0694C8AEF94BD881DF88 /* FirebaseStorage in Frameworks */,
				9EC63FAD7433D251458223A5 /* FirebaseFunctions in Frameworks */,
				D8E970665C7F1B51A43E88E8 /* FirebaseMessaging in Frameworks */,
				4D255AE3ABD954B00FABD663 /* GoogleSignIn in Frameworks */,
				FABA2A34B91BAFDD29796593 /* Kingfisher in Frameworks */,
			);
			runOnlyForDeploymentPostprocessing = 0;
		};
/* End PBXFrameworksBuildPhase section */

/* Begin PBXGroup section */
		004C49235F02BB94472EC3FC /* DTOs */ = {
			isa = PBXGroup;
			children = (
				E1D0A43A0E635E3E571DBBF5 /* ParsedRecipeData.swift */,
				2B9F58D556EDEC241EC090D1 /* ReceivedRecipeSummary.swift */,
				C7F54F67E015BFF120C5D8B0 /* RecipeChange.swift */,
				4991CFFBC669934F146FAA57 /* SharedRecipe.swift */,
				2B9563ED088CACA5E660CA22 /* SocialModels.swift */,
			);
			path = DTOs;
			sourceTree = "<group>";
		};
		0B3030C1BD191D30B3AF9692 /* Data */ = {
			isa = PBXGroup;
			children = (
				004C49235F02BB94472EC3FC /* DTOs */,
				EFCCE2986F0AABBF697BBD76 /* Models */,
				63138172FF1FBEEEBEF67C5D /* Repositories */,
				2E6073A2F668EA269348C57A /* Services */,
			);
			path = Data;
			sourceTree = "<group>";
		};
		191D3264AADE4D531633786A /* CookingMode */ = {
			isa = PBXGroup;
			children = (
				B46BF688B28270B48045818A /* CookingModeView.swift */,
			);
			path = CookingMode;
			sourceTree = "<group>";
		};
		1E00F68FF34A0C60D0D19E0D /* Components */ = {
			isa = PBXGroup;
			children = (
				D4E7BDFCD472813185D69085 /* RecipeCard.swift */,
			);
			path = Components;
			sourceTree = "<group>";
		};
		2E6073A2F668EA269348C57A /* Services */ = {
			isa = PBXGroup;
			children = (
				87703D7DD6E67B8342B1FA07 /* CloudFunctionsService.swift */,
				425D6FD17661A16A164C124A /* RecipeSyncService.swift */,
				0B9B4FFFD105CA55172BCC0F /* SharedRecipeService.swift */,
				AD19DBAD0CBC3DDC2AF3C162 /* SocialRepository.swift */,
			);
			path = Services;
			sourceTree = "<group>";
		};
		3121EE3DB53FEA98F3CCB363 /* AmrosaTests */ = {
			isa = PBXGroup;
			children = (
				B651CAEFC9F7CC85EDD13FAE /* AmrosaTests.swift */,
			);
			path = AmrosaTests;
			sourceTree = "<group>";
		};
		3F026ADE9891895B2AEBA165 /* Social */ = {
			isa = PBXGroup;
			children = (
				61277F8178D8EB174359B78F /* FriendsView.swift */,
				E30129D1C7369FBE2238CCDF /* ReceivedRecipeView.swift */,
				890EB3690AA95791DCE9A037 /* UserSearchView.swift */,
			);
			path = Social;
			sourceTree = "<group>";
		};
		4820220BEC6753B10F12F487 /* RecipeDetail */ = {
			isa = PBXGroup;
			children = (
				962CD3D6DE0869F0A0D7FFAC /* RecipeDetailView.swift */,
				60494666244275FAD1EDFD14 /* RecipeDetailViewModel.swift */,
			);
			path = RecipeDetail;
			sourceTree = "<group>";
		};
		62174B1E64901298B0760328 /* Import */ = {
			isa = PBXGroup;
			children = (
				7F44E83F6177880E4F56D7A0 /* FreeformEntryView.swift */,
				1CAB3448ED1B556557B17339 /* ImportView.swift */,
				43F5529CD66E002D66C50F9A /* ImportViewModel.swift */,
				13DBB3085AD0A466A41D2F8A /* RecipeReviewSheet.swift */,
			);
			path = Import;
			sourceTree = "<group>";
		};
		63138172FF1FBEEEBEF67C5D /* Repositories */ = {
			isa = PBXGroup;
			children = (
				AAEEF22186B9025031A91803 /* AuthRepository.swift */,
				9B78CFA17DD71B75C3BF7A2A /* RecipeRepository.swift */,
			);
			path = Repositories;
			sourceTree = "<group>";
		};
		73665D1B77053E62D1289388 /* Discover */ = {
			isa = PBXGroup;
			children = (
				F4F012BEA73ABE25D6EF5DF1 /* DiscoverView.swift */,
			);
			path = Discover;
			sourceTree = "<group>";
		};
		8312D06CFAADA36F492E7CCC /* Shared */ = {
			isa = PBXGroup;
			children = (
				AB12C08B2C652CAB35BC7DCF /* SharedInboxView.swift */,
				356CE035A2F5D33FB8375930 /* SharedRecipeDetailView.swift */,
			);
			path = Shared;
			sourceTree = "<group>";
		};
		A60683C2A736D7E99E8CE99D /* Amrosa */ = {
			isa = PBXGroup;
			children = (
				FA87FC2144D8965BFD8C9A17 /* Amrosa.entitlements */,
				2B8469CC13DE9050F4218D4A /* AmrosaApp.swift */,
				2A62C74A95949EA2C4D6096F /* AppContainer.swift */,
				35DE5A5FDE9B5749BAE51750 /* AppDelegate.swift */,
				17C0BB8E75558D8FCBF02229 /* Assets.xcassets */,
				D476FEE4AC19949B7C2E8FE9 /* GoogleService-Info.plist */,
				8DAFCFC124ADAD46C9273847 /* Info.plist */,
				0B3030C1BD191D30B3AF9692 /* Data */,
				D2E2891DDC5AFCC545D4DF9F /* UI */,
				E540BE0E9D649DCE81940875 /* Util */,
			);
			path = Amrosa;
			sourceTree = "<group>";
		};
		A900D48004113AEE903DB5B4 /* RecipeEditor */ = {
			isa = PBXGroup;
			children = (
				A21A77D78332C1A496B84F09 /* RecipeEditorView.swift */,
				0715A4B505DA1D34FAB1DA8B /* RecipeEditorViewModel.swift */,
			);
			path = RecipeEditor;
			sourceTree = "<group>";
		};
		B4B65E811711CAAD2C468C72 /* Products */ = {
			isa = PBXGroup;
			children = (
				2CC76E521A7C1E67DB54C861 /* Amrosa.app */,
				C7F2CB710EC32C4153E1EF1E /* AmrosaTests.xctest */,
			);
			name = Products;
			sourceTree = "<group>";
		};
		C7C65110A1764BD58D47E001 /* Auth */ = {
			isa = PBXGroup;
			children = (
				B5BAB215538DE97F5F21243F /* AuthView.swift */,
				C319FBDA5A288948F0B2F025 /* AuthViewModel.swift */,
			);
			path = Auth;
			sourceTree = "<group>";
		};
		D2E2891DDC5AFCC545D4DF9F /* UI */ = {
			isa = PBXGroup;
			children = (
				2A3703A2D1269D448C9F7CBD /* ContentView.swift */,
				E9CDCFF987FEEE9B8125C4C4 /* Account */,
				FE7CFA884C5E22D5D0BC27BA /* AllRecipes */,
				C7C65110A1764BD58D47E001 /* Auth */,
				1E00F68FF34A0C60D0D19E0D /* Components */,
				191D3264AADE4D531633786A /* CookingMode */,
				73665D1B77053E62D1289388 /* Discover */,
				62174B1E64901298B0760328 /* Import */,
				4820220BEC6753B10F12F487 /* RecipeDetail */,
				A900D48004113AEE903DB5B4 /* RecipeEditor */,
				8312D06CFAADA36F492E7CCC /* Shared */,
				3F026ADE9891895B2AEBA165 /* Social */,
				D6871A5DC1877FEAE666F922 /* YourRecipes */,
			);
			path = UI;
			sourceTree = "<group>";
		};
		D6871A5DC1877FEAE666F922 /* YourRecipes */ = {
			isa = PBXGroup;
			children = (
				F610DCBD0BFE5231A23E1FED /* YourRecipesView.swift */,
				224692654A7AFE7D9F606882 /* YourRecipesViewModel.swift */,
			);
			path = YourRecipes;
			sourceTree = "<group>";
		};
		E540BE0E9D649DCE81940875 /* Util */ = {
			isa = PBXGroup;
			children = (
				696E6D4A5155305802A53ADD /* Extensions.swift */,
				033EF197C5FCC3D4D1D48CA9 /* QuantityScaler.swift */,
			);
			path = Util;
			sourceTree = "<group>";
		};
		E9CDCFF987FEEE9B8125C4C4 /* Account */ = {
			isa = PBXGroup;
			children = (
				DC008B63EDFD1FBB48E0B460 /* AccountView.swift */,
				94D4377EB49AA9DBC9BA5605 /* AccountViewModel.swift */,
			);
			path = Account;
			sourceTree = "<group>";
		};
		EFCCE2986F0AABBF697BBD76 /* Models */ = {
			isa = PBXGroup;
			children = (
				72B871401338956467B2069D /* IngredientModel.swift */,
				DF35E34E80B3152AF1EC5E6E /* RecipeModel.swift */,
				41C71065B68DE958DC65F19C /* RecipeNoteModel.swift */,
				925B8424F95DC3A52E367D19 /* RecipeSectionModel.swift */,
				A4C371D703F994341BEC6409 /* StepIngredientRefModel.swift */,
				F8EA712966F37787B422B017 /* StepModel.swift */,
			);
			path = Models;
			sourceTree = "<group>";
		};
		F2184E84CB0002BF0259F2E8 = {
			isa = PBXGroup;
			children = (
				A60683C2A736D7E99E8CE99D /* Amrosa */,
				3121EE3DB53FEA98F3CCB363 /* AmrosaTests */,
				B4B65E811711CAAD2C468C72 /* Products */,
			);
			sourceTree = "<group>";
		};
		FE7CFA884C5E22D5D0BC27BA /* AllRecipes */ = {
			isa = PBXGroup;
			children = (
				3B8FC9CAC1EE41E1C53784B1 /* AllRecipesView.swift */,
				512E3E1ED5CCCCAB71F2A11B /* AllRecipesViewModel.swift */,
			);
			path = AllRecipes;
			sourceTree = "<group>";
		};
/* End PBXGroup section */

/* Begin PBXNativeTarget section */
		155FCBFD017E9043F34ACC28 /* Amrosa */ = {
			isa = PBXNativeTarget;
			buildConfigurationList = 53FDFCC12CA5EFD16BD63750 /* Build configuration list for PBXNativeTarget "Amrosa" */;
			buildPhases = (
				4A01FE9DD1960356CF17A30A /* Sources */,
				D28C54CDF2BCEC09C7364B8B /* Resources */,
				11F186A39A9DFE4F26F4C026 /* Frameworks */,
			);
			buildRules = (
			);
			dependencies = (
			);
			name = Amrosa;
			packageProductDependencies = (
				1C511A5F00B87ED0D64505D7 /* FirebaseAuth */,
				C97CA4955DBC0B3EC6E80FCA /* FirebaseFirestore */,
				364BEAE6150BC1A8F375CCA6 /* FirebaseStorage */,
				A747C24F1F3162E54866546F /* FirebaseFunctions */,
				7DC716E25C15739F74B7686E /* FirebaseMessaging */,
				702396BB1261F9EC052A6931 /* GoogleSignIn */,
				0346C6000134951409CD8279 /* Kingfisher */,
			);
			productName = Amrosa;
			productReference = 2CC76E521A7C1E67DB54C861 /* Amrosa.app */;
			productType = "com.apple.product-type.application";
		};
		61204BACA227401645EE1455 /* AmrosaTests */ = {
			isa = PBXNativeTarget;
			buildConfigurationList = B23E6B817A2635E6D909FB2F /* Build configuration list for PBXNativeTarget "AmrosaTests" */;
			buildPhases = (
				37FEC38EE908B60545EF4F08 /* Sources */,
			);
			buildRules = (
			);
			dependencies = (
				07A0698D14A3EC88037932F9 /* PBXTargetDependency */,
			);
			name = AmrosaTests;
			packageProductDependencies = (
			);
			productName = AmrosaTests;
			productReference = C7F2CB710EC32C4153E1EF1E /* AmrosaTests.xctest */;
			productType = "com.apple.product-type.bundle.unit-test";
		};
/* End PBXNativeTarget section */

/* Begin PBXProject section */
		0F1EB114AF78D477EEF7CA19 /* Project object */ = {
			isa = PBXProject;
			attributes = {
				BuildIndependentTargetsInParallel = YES;
				LastUpgradeCheck = 1600;
				TargetAttributes = {
					155FCBFD017E9043F34ACC28 = {
						DevelopmentTeam = 7S2FY6WF5V;
					};
				};
			};
			buildConfigurationList = CD21A7F6E32F5D46B2EC8631 /* Build configuration list for PBXProject "Amrosa" */;
			developmentRegion = en;
			hasScannedForEncodings = 0;
			knownRegions = (
				Base,
				en,
			);
			mainGroup = F2184E84CB0002BF0259F2E8;
			minimizedProjectReferenceProxies = 1;
			packageReferences = (
				B466D442E595752233F43DC8 /* XCRemoteSwiftPackageReference "firebase-ios-sdk" */,
				68B150896EF75D33D83024FF /* XCRemoteSwiftPackageReference "GoogleSignIn-iOS" */,
				D71F2BB2CADDC5A18D6BDE09 /* XCRemoteSwiftPackageReference "Kingfisher" */,
			);
			preferredProjectObjectVersion = 77;
			productRefGroup = B4B65E811711CAAD2C468C72 /* Products */;
			projectDirPath = "";
			projectRoot = "";
			targets = (
				155FCBFD017E9043F34ACC28 /* Amrosa */,
				61204BACA227401645EE1455 /* AmrosaTests */,
			);
		};
/* End PBXProject section */

/* Begin PBXResourcesBuildPhase section */
		D28C54CDF2BCEC09C7364B8B /* Resources */ = {
			isa = PBXResourcesBuildPhase;
			buildActionMask = 2147483647;
			files = (
				B82558169651C9FF5F990214 /* Assets.xcassets in Resources */,
				EA7596B98CCEF914466D9624 /* GoogleService-Info.plist in Resources */,
			);
			runOnlyForDeploymentPostprocessing = 0;
		};
/* End PBXResourcesBuildPhase section */

/* Begin PBXSourcesBuildPhase section */
		37FEC38EE908B60545EF4F08 /* Sources */ = {
			isa = PBXSourcesBuildPhase;
			buildActionMask = 2147483647;
			files = (
				DE2A32F8152AED40A322ACC1 /* AmrosaTests.swift in Sources */,
			);
			runOnlyForDeploymentPostprocessing = 0;
		};
		4A01FE9DD1960356CF17A30A /* Sources */ = {
			isa = PBXSourcesBuildPhase;
			buildActionMask = 2147483647;
			files = (
				F0F990AD1889DC7D5EF96D51 /* AccountView.swift in Sources */,
				6A11C7786709EFA3FC7D8232 /* AccountViewModel.swift in Sources */,
				296ED7C5CBC2A6C2DCCF0D65 /* AllRecipesView.swift in Sources */,
				A2BE751B0182558631E43075 /* AllRecipesViewModel.swift in Sources */,
				F9D4B4726A1F03A861D60ADF /* AmrosaApp.swift in Sources */,
				D1C1979BAFAC649332E27EBD /* AppContainer.swift in Sources */,
				01600A5A1AE04FEEADCBD01C /* AppDelegate.swift in Sources */,
				ACA85688B506B5D861013E75 /* AuthRepository.swift in Sources */,
				5B856AF237F4DE0D0C56FF6E /* AuthView.swift in Sources */,
				C56CA3F9C89E83A918893CA7 /* AuthViewModel.swift in Sources */,
				9317DC98021C7AD57C1074A3 /* CloudFunctionsService.swift in Sources */,
				1DEAA5F8D72D765084BFBFD8 /* ContentView.swift in Sources */,
				30954FD37384DF1E56269195 /* CookingModeView.swift in Sources */,
				C93F4F245E10E7608EAF8618 /* DiscoverView.swift in Sources */,
				6A609AAD4FC10D1CD6BEFF28 /* Extensions.swift in Sources */,
				7C6799FA0D19DED79E8D4765 /* FreeformEntryView.swift in Sources */,
				ED56FD21FD70096D0806486F /* FriendsView.swift in Sources */,
				1D94B52DB772773020323A03 /* ImportView.swift in Sources */,
				065C4321EC6217B66A9BB187 /* ImportViewModel.swift in Sources */,
				E17B4D5CB6AE25D0BD57CC44 /* IngredientModel.swift in Sources */,
				227EBD982781750E6547E236 /* ParsedRecipeData.swift in Sources */,
				AC9B15EAADE97F45EBA2FCDB /* QuantityScaler.swift in Sources */,
				F5558310876B1AF34DF7F181 /* ReceivedRecipeSummary.swift in Sources */,
				316D86CEEB80CE03F7EB877C /* ReceivedRecipeView.swift in Sources */,
				DBA887E690B2F0DB33C5619C /* RecipeCard.swift in Sources */,
				18B38C91E9CC4AD0E9103E32 /* RecipeChange.swift in Sources */,
				11A048E4B3D6B9039E4442FA /* RecipeDetailView.swift in Sources */,
				36B5D19C418119BBE0507C21 /* RecipeDetailViewModel.swift in Sources */,
				C3C4AF15C77E10335345EC80 /* RecipeEditorView.swift in Sources */,
				203B6DB8B1FB6AB07726E785 /* RecipeEditorViewModel.swift in Sources */,
				811F59B3E018C65FC861E0CF /* RecipeModel.swift in Sources */,
				5C263C8A4307A5EAF24A2A5B /* RecipeNoteModel.swift in Sources */,
				FEEBC3E509170CC31C591C58 /* RecipeRepository.swift in Sources */,
				D58A49D66B27854CE0A850AC /* RecipeReviewSheet.swift in Sources */,
				E7352C774EA41B121EAA8E27 /* RecipeSectionModel.swift in Sources */,
				A5EF6F07C71A271BCFB76E68 /* RecipeSyncService.swift in Sources */,
				2902C998D422D0AE20E6AF49 /* SharedInboxView.swift in Sources */,
				AC8F47D3F820BC3856D517BD /* SharedRecipe.swift in Sources */,
				016559535A3E4F36A9490EAA /* SharedRecipeDetailView.swift in Sources */,
				737674563A17DA09D1DA78C7 /* SharedRecipeService.swift in Sources */,
				26B5255FFB303961DF6767D7 /* SocialModels.swift in Sources */,
				950611A76B8B0C61464BA379 /* SocialRepository.swift in Sources */,
				6BBF96E171D78DEBC663E38C /* StepIngredientRefModel.swift in Sources */,
				47372214248102AB1A9FF176 /* StepModel.swift in Sources */,
				B08AE073D7E844776F69D50F /* UserSearchView.swift in Sources */,
				E3C48CA15A6025D69F83F232 /* YourRecipesView.swift in Sources */,
				1D3623A0B2BE0F42A225AD7C /* YourRecipesViewModel.swift in Sources */,
			);
			runOnlyForDeploymentPostprocessing = 0;
		};
/* End PBXSourcesBuildPhase section */

/* Begin PBXTargetDependency section */
		07A0698D14A3EC88037932F9 /* PBXTargetDependency */ = {
			isa = PBXTargetDependency;
			target = 155FCBFD017E9043F34ACC28 /* Amrosa */;
			targetProxy = 91E41A208E2DB47386636B9B /* PBXContainerItemProxy */;
		};
/* End PBXTargetDependency section */

/* Begin XCBuildConfiguration section */
		0FE58DE30195A53CA980101E /* Release */ = {
			isa = XCBuildConfiguration;
			buildSettings = {
				ASSETCATALOG_COMPILER_APPICON_NAME = AppIcon;
				CODE_SIGN_ENTITLEMENTS = Amrosa/Amrosa.entitlements;
				CODE_SIGN_IDENTITY = "iPhone Developer";
				CURRENT_PROJECT_VERSION = 1;
				DEVELOPMENT_TEAM = 7S2FY6WF5V;
				INFOPLIST_FILE = Amrosa/Info.plist;
				IPHONEOS_DEPLOYMENT_TARGET = 17.0;
				LD_RUNPATH_SEARCH_PATHS = (
					"$(inherited)",
					"@executable_path/Frameworks",
				);
				MARKETING_VERSION = 1.0;
				PRODUCT_BUNDLE_IDENTIFIER = com.aerion.amrosa;
				SDKROOT = iphoneos;
				SWIFT_VERSION = 5.0;
				TARGETED_DEVICE_FAMILY = "1,2";
			};
			name = Release;
		};
		6D8869AD6FA55C11F9E9F148 /* Release */ = {
			isa = XCBuildConfiguration;
			buildSettings = {
				BUNDLE_LOADER = "$(TEST_HOST)";
				IPHONEOS_DEPLOYMENT_TARGET = 17.0;
				LD_RUNPATH_SEARCH_PATHS = (
					"$(inherited)",
					"@executable_path/Frameworks",
					"@loader_path/Frameworks",
				);
				PRODUCT_BUNDLE_IDENTIFIER = com.aerion.AmrosaTests;
				SDKROOT = iphoneos;
				SWIFT_VERSION = 5.0;
				TARGETED_DEVICE_FAMILY = "1,2";
				TEST_HOST = "$(BUILT_PRODUCTS_DIR)/Amrosa.app/Amrosa";
			};
			name = Release;
		};
		71007CAF24EEDD3D7FB34AB3 /* Release */ = {
			isa = XCBuildConfiguration;
			buildSettings = {
				ALWAYS_SEARCH_USER_PATHS = NO;
				CLANG_ANALYZER_NONNULL = YES;
				CLANG_ANALYZER_NUMBER_OBJECT_CONVERSION = YES_AGGRESSIVE;
				CLANG_CXX_LANGUAGE_STANDARD = "gnu++14";
				CLANG_CXX_LIBRARY = "libc++";
				CLANG_ENABLE_MODULES = YES;
				CLANG_ENABLE_OBJC_ARC = YES;
				CLANG_ENABLE_OBJC_WEAK = YES;
				CLANG_WARN_BLOCK_CAPTURE_AUTORELEASING = YES;
				CLANG_WARN_BOOL_CONVERSION = YES;
				CLANG_WARN_COMMA = YES;
				CLANG_WARN_CONSTANT_CONVERSION = YES;
				CLANG_WARN_DEPRECATED_OBJC_IMPLEMENTATIONS = YES;
				CLANG_WARN_DIRECT_OBJC_ISA_USAGE = YES_ERROR;
				CLANG_WARN_DOCUMENTATION_COMMENTS = YES;
				CLANG_WARN_EMPTY_BODY = YES;
				CLANG_WARN_ENUM_CONVERSION = YES;
				CLANG_WARN_INFINITE_RECURSION = YES;
				CLANG_WARN_INT_CONVERSION = YES;
				CLANG_WARN_NON_LITERAL_NULL_CONVERSION = YES;
				CLANG_WARN_OBJC_IMPLICIT_RETAIN_SELF = YES;
				CLANG_WARN_OBJC_LITERAL_CONVERSION = YES;
				CLANG_WARN_OBJC_ROOT_CLASS = YES_ERROR;
				CLANG_WARN_QUOTED_INCLUDE_IN_FRAMEWORK_HEADER = YES;
				CLANG_WARN_RANGE_LOOP_ANALYSIS = YES;
				CLANG_WARN_STRICT_PROTOTYPES = YES;
				CLANG_WARN_SUSPICIOUS_MOVE = YES;
				CLANG_WARN_UNGUARDED_AVAILABILITY = YES_AGGRESSIVE;
				CLANG_WARN_UNREACHABLE_CODE = YES;
				CLANG_WARN__DUPLICATE_METHOD_MATCH = YES;
				COPY_PHASE_STRIP = NO;
				DEBUG_INFORMATION_FORMAT = "dwarf-with-dsym";
				ENABLE_NS_ASSERTIONS = NO;
				ENABLE_STRICT_OBJC_MSGSEND = YES;
				GCC_C_LANGUAGE_STANDARD = gnu11;
				GCC_NO_COMMON_BLOCKS = YES;
				GCC_WARN_64_TO_32_BIT_CONVERSION = YES;
				GCC_WARN_ABOUT_RETURN_TYPE = YES_ERROR;
				GCC_WARN_UNDECLARED_SELECTOR = YES;
				GCC_WARN_UNINITIALIZED_AUTOS = YES_AGGRESSIVE;
				GCC_WARN_UNUSED_FUNCTION = YES;
				GCC_WARN_UNUSED_VARIABLE = YES;
				IPHONEOS_DEPLOYMENT_TARGET = 17.0;
				MTL_ENABLE_DEBUG_INFO = NO;
				MTL_FAST_MATH = YES;
				PRODUCT_NAME = "$(TARGET_NAME)";
				SDKROOT = iphoneos;
				SWIFT_COMPILATION_MODE = wholemodule;
				SWIFT_OPTIMIZATION_LEVEL = "-O";
				SWIFT_VERSION = 5.0;
			};
			name = Release;
		};
		97B2BD34C9B38F44A6ED37FE /* Debug */ = {
			isa = XCBuildConfiguration;
			buildSettings = {
				ASSETCATALOG_COMPILER_APPICON_NAME = AppIcon;
				CODE_SIGN_ENTITLEMENTS = Amrosa/Amrosa.entitlements;
				CODE_SIGN_IDENTITY = "iPhone Developer";
				CURRENT_PROJECT_VERSION = 1;
				DEVELOPMENT_TEAM = 7S2FY6WF5V;
				INFOPLIST_FILE = Amrosa/Info.plist;
				IPHONEOS_DEPLOYMENT_TARGET = 17.0;
				LD_RUNPATH_SEARCH_PATHS = (
					"$(inherited)",
					"@executable_path/Frameworks",
				);
				MARKETING_VERSION = 1.0;
				PRODUCT_BUNDLE_IDENTIFIER = com.aerion.amrosa;
				SDKROOT = iphoneos;
				SWIFT_VERSION = 5.0;
				TARGETED_DEVICE_FAMILY = "1,2";
			};
			name = Debug;
		};
		9CD75BD308C8BF26D8223ECA /* Debug */ = {
			isa = XCBuildConfiguration;
			buildSettings = {
				BUNDLE_LOADER = "$(TEST_HOST)";
				IPHONEOS_DEPLOYMENT_TARGET = 17.0;
				LD_RUNPATH_SEARCH_PATHS = (
					"$(inherited)",
					"@executable_path/Frameworks",
					"@loader_path/Frameworks",
				);
				PRODUCT_BUNDLE_IDENTIFIER = com.aerion.AmrosaTests;
				SDKROOT = iphoneos;
				SWIFT_VERSION = 5.0;
				TARGETED_DEVICE_FAMILY = "1,2";
				TEST_HOST = "$(BUILT_PRODUCTS_DIR)/Amrosa.app/Amrosa";
			};
			name = Debug;
		};
		DA5696643B051E2F39CFE43C /* Debug */ = {
			isa = XCBuildConfiguration;
			buildSettings = {
				ALWAYS_SEARCH_USER_PATHS = NO;
				CLANG_ANALYZER_NONNULL = YES;
				CLANG_ANALYZER_NUMBER_OBJECT_CONVERSION = YES_AGGRESSIVE;
				CLANG_CXX_LANGUAGE_STANDARD = "gnu++14";
				CLANG_CXX_LIBRARY = "libc++";
				CLANG_ENABLE_MODULES = YES;
				CLANG_ENABLE_OBJC_ARC = YES;
				CLANG_ENABLE_OBJC_WEAK = YES;
				CLANG_WARN_BLOCK_CAPTURE_AUTORELEASING = YES;
				CLANG_WARN_BOOL_CONVERSION = YES;
				CLANG_WARN_COMMA = YES;
				CLANG_WARN_CONSTANT_CONVERSION = YES;
				CLANG_WARN_DEPRECATED_OBJC_IMPLEMENTATIONS = YES;
				CLANG_WARN_DIRECT_OBJC_ISA_USAGE = YES_ERROR;
				CLANG_WARN_DOCUMENTATION_COMMENTS = YES;
				CLANG_WARN_EMPTY_BODY = YES;
				CLANG_WARN_ENUM_CONVERSION = YES;
				CLANG_WARN_INFINITE_RECURSION = YES;
				CLANG_WARN_INT_CONVERSION = YES;
				CLANG_WARN_NON_LITERAL_NULL_CONVERSION = YES;
				CLANG_WARN_OBJC_IMPLICIT_RETAIN_SELF = YES;
				CLANG_WARN_OBJC_LITERAL_CONVERSION = YES;
				CLANG_WARN_OBJC_ROOT_CLASS = YES_ERROR;
				CLANG_WARN_QUOTED_INCLUDE_IN_FRAMEWORK_HEADER = YES;
				CLANG_WARN_RANGE_LOOP_ANALYSIS = YES;
				CLANG_WARN_STRICT_PROTOTYPES = YES;
				CLANG_WARN_SUSPICIOUS_MOVE = YES;
				CLANG_WARN_UNGUARDED_AVAILABILITY = YES_AGGRESSIVE;
				CLANG_WARN_UNREACHABLE_CODE = YES;
				CLANG_WARN__DUPLICATE_METHOD_MATCH = YES;
				COPY_PHASE_STRIP = NO;
				DEBUG_INFORMATION_FORMAT = dwarf;
				ENABLE_STRICT_OBJC_MSGSEND = YES;
				ENABLE_TESTABILITY = YES;
				GCC_C_LANGUAGE_STANDARD = gnu11;
				GCC_DYNAMIC_NO_PIC = NO;
				GCC_NO_COMMON_BLOCKS = YES;
				GCC_OPTIMIZATION_LEVEL = 0;
				GCC_PREPROCESSOR_DEFINITIONS = (
					"$(inherited)",
					"DEBUG=1",
				);
				GCC_WARN_64_TO_32_BIT_CONVERSION = YES;
				GCC_WARN_ABOUT_RETURN_TYPE = YES_ERROR;
				GCC_WARN_UNDECLARED_SELECTOR = YES;
				GCC_WARN_UNINITIALIZED_AUTOS = YES_AGGRESSIVE;
				GCC_WARN_UNUSED_FUNCTION = YES;
				GCC_WARN_UNUSED_VARIABLE = YES;
				IPHONEOS_DEPLOYMENT_TARGET = 17.0;
				MTL_ENABLE_DEBUG_INFO = INCLUDE_SOURCE;
				MTL_FAST_MATH = YES;
				ONLY_ACTIVE_ARCH = YES;
				PRODUCT_NAME = "$(TARGET_NAME)";
				SDKROOT = iphoneos;
				SWIFT_ACTIVE_COMPILATION_CONDITIONS = DEBUG;
				SWIFT_OPTIMIZATION_LEVEL = "-Onone";
				SWIFT_VERSION = 5.0;
			};
			name = Debug;
		};
/* End XCBuildConfiguration section */

/* Begin XCConfigurationList section */
		53FDFCC12CA5EFD16BD63750 /* Build configuration list for PBXNativeTarget "Amrosa" */ = {
			isa = XCConfigurationList;
			buildConfigurations = (
				97B2BD34C9B38F44A6ED37FE /* Debug */,
				0FE58DE30195A53CA980101E /* Release */,
			);
			defaultConfigurationIsVisible = 0;
			defaultConfigurationName = Debug;
		};
		B23E6B817A2635E6D909FB2F /* Build configuration list for PBXNativeTarget "AmrosaTests" */ = {
			isa = XCConfigurationList;
			buildConfigurations = (
				9CD75BD308C8BF26D8223ECA /* Debug */,
				6D8869AD6FA55C11F9E9F148 /* Release */,
			);
			defaultConfigurationIsVisible = 0;
			defaultConfigurationName = Debug;
		};
		CD21A7F6E32F5D46B2EC8631 /* Build configuration list for PBXProject "Amrosa" */ = {
			isa = XCConfigurationList;
			buildConfigurations = (
				DA5696643B051E2F39CFE43C /* Debug */,
				71007CAF24EEDD3D7FB34AB3 /* Release */,
			);
			defaultConfigurationIsVisible = 0;
			defaultConfigurationName = Debug;
		};
/* End XCConfigurationList section */

/* Begin XCRemoteSwiftPackageReference section */
		68B150896EF75D33D83024FF /* XCRemoteSwiftPackageReference "GoogleSignIn-iOS" */ = {
			isa = XCRemoteSwiftPackageReference;
			repositoryURL = "https://github.com/google/GoogleSignIn-iOS";
			requirement = {
				kind = upToNextMajorVersion;
				minimumVersion = 8.0.0;
			};
		};
		B466D442E595752233F43DC8 /* XCRemoteSwiftPackageReference "firebase-ios-sdk" */ = {
			isa = XCRemoteSwiftPackageReference;
			repositoryURL = "https://github.com/firebase/firebase-ios-sdk";
			requirement = {
				kind = upToNextMajorVersion;
				minimumVersion = 11.0.0;
			};
		};
		D71F2BB2CADDC5A18D6BDE09 /* XCRemoteSwiftPackageReference "Kingfisher" */ = {
			isa = XCRemoteSwiftPackageReference;
			repositoryURL = "https://github.com/onevcat/Kingfisher";
			requirement = {
				kind = upToNextMajorVersion;
				minimumVersion = 8.0.0;
			};
		};
/* End XCRemoteSwiftPackageReference section */

/* Begin XCSwiftPackageProductDependency section */
		0346C6000134951409CD8279 /* Kingfisher */ = {
			isa = XCSwiftPackageProductDependency;
			package = D71F2BB2CADDC5A18D6BDE09 /* XCRemoteSwiftPackageReference "Kingfisher" */;
			productName = Kingfisher;
		};
		1C511A5F00B87ED0D64505D7 /* FirebaseAuth */ = {
			isa = XCSwiftPackageProductDependency;
			package = B466D442E595752233F43DC8 /* XCRemoteSwiftPackageReference "firebase-ios-sdk" */;
			productName = FirebaseAuth;
		};
		364BEAE6150BC1A8F375CCA6 /* FirebaseStorage */ = {
			isa = XCSwiftPackageProductDependency;
			package = B466D442E595752233F43DC8 /* XCRemoteSwiftPackageReference "firebase-ios-sdk" */;
			productName = FirebaseStorage;
		};
		702396BB1261F9EC052A6931 /* GoogleSignIn */ = {
			isa = XCSwiftPackageProductDependency;
			package = 68B150896EF75D33D83024FF /* XCRemoteSwiftPackageReference "GoogleSignIn-iOS" */;
			productName = GoogleSignIn;
		};
		7DC716E25C15739F74B7686E /* FirebaseMessaging */ = {
			isa = XCSwiftPackageProductDependency;
			package = B466D442E595752233F43DC8 /* XCRemoteSwiftPackageReference "firebase-ios-sdk" */;
			productName = FirebaseMessaging;
		};
		A747C24F1F3162E54866546F /* FirebaseFunctions */ = {
			isa = XCSwiftPackageProductDependency;
			package = B466D442E595752233F43DC8 /* XCRemoteSwiftPackageReference "firebase-ios-sdk" */;
			productName = FirebaseFunctions;
		};
		C97CA4955DBC0B3EC6E80FCA /* FirebaseFirestore */ = {
			isa = XCSwiftPackageProductDependency;
			package = B466D442E595752233F43DC8 /* XCRemoteSwiftPackageReference "firebase-ios-sdk" */;
			productName = FirebaseFirestore;
		};
/* End XCSwiftPackageProductDependency section */
	};
	rootObject = 0F1EB114AF78D477EEF7CA19 /* Project object */;
}
